
Microsoft Visual Studio Solution File, Format Version 12.00
# Visual Studio Version 17
VisualStudioVersion = 17.8.34511.84
MinimumVisualStudioVersion = 10.0.40219.1
Project("{FAE04EC0-301F-11D3-BF4B-00C04F79EFBC}") = "ChatApp", "ChatApp\ChatApp.csproj", "{CF81C270-D2B4-4274-B5A0-7DC815642A4A}"
EndProject
Global
	GlobalSection(SolutionConfigurationPlatforms) = preSolution
		Debug|Any CPU = Debug|Any CPU
		Release|Any CPU = Release|Any CPU
	EndGlobalSection
	GlobalSection(ProjectConfigurationPlatforms) = postSolution
		{CF81C270-D2B4-4274-B5A0-7DC815642A4A}.Debug|Any CPU.ActiveCfg = Debug|Any CPU
		{CF81C270-D2B4-4274-B5A0-7DC815642A4A}.Debug|Any CPU.Build.0 = Debug|Any CPU
		{CF81C270-D2B4-4274-B5A0-7DC815642A4A}.Release|Any CPU.ActiveCfg = Release|Any CPU
		{CF81C270-D2B4-4274-B5A0-7DC815642A4A}.Release|Any CPU.Build.0 = Release|Any CPU
	EndGlobalSection
	GlobalSection(SolutionProperties) = preSolution
		HideSolutionNode = FALSE
	EndGlobalSection
	GlobalSection(ExtensibilityGlobals) = postSolution
		SolutionGuid = {82C86302-7AD8-4367-AEB9-150A5C138494}
	EndGlobalSection
EndGlobal
